{
  "object": {
    "pins": [
      {
        "package": "AmplitudeLite",
        "repositoryURL": "https://github.com/timroesner/AmplitudeLite.git",
        "state": {
          "branch": "master",
          "revision": "791df083987d3d42ad9ad33291e261d5956125b4",
          "version": null
        }
      }
    ]
  },
  "version": 1
}
