// !$*UTF8*$!
{
	archiveVersion = 1;
	classes = {
	};
	objectVersion = 52;
	objects = {

/* Begin PBXBuildFile section */
		222ED6FF22BDDD6C0014A6B1 /* ColorCompatibility.swift in Sources */ = {isa = PBXBuildFile; fileRef = 222ED6FE22BDDD6C0014A6B1 /* ColorCompatibility.swift */; };
		2236739E213A570F001FAF93 /* MovieOverviewCollectionView.swift in Sources */ = {isa = PBXBuildFile; fileRef = 2236739D213A570F001FAF93 /* MovieOverviewCollectionView.swift */; };
		223673A0213A5741001FAF93 /* MovieOverviewCollectionLayout.swift in Sources */ = {isa = PBXBuildFile; fileRef = 2236739F213A5741001FAF93 /* MovieOverviewCollectionLayout.swift */; };
		224B545A213F63A300314FB4 /* TVShowDetailTableView.swift in Sources */ = {isa = PBXBuildFile; fileRef = 224B5459213F63A300314FB4 /* TVShowDetailTableView.swift */; };
		224B5460213FB4F500314FB4 /* PlaybackController.swift in Sources */ = {isa = PBXBuildFile; fileRef = 224B545F213FB4F500314FB4 /* PlaybackController.swift */; };
		225DDCAC1E13D55300B51961 /* AppDelegate.swift in Sources */ = {isa = PBXBuildFile; fileRef = 225DDCAB1E13D55300B51961 /* AppDelegate.swift */; };
		225DDCAE1E13D55300B51961 /* MovieOverviewController.swift in Sources */ = {isa = PBXBuildFile; fileRef = 225DDCAD1E13D55300B51961 /* MovieOverviewController.swift */; };
		225DDCB01E13D55300B51961 /* TVShowOverviewController.swift in Sources */ = {isa = PBXBuildFile; fileRef = 225DDCAF1E13D55300B51961 /* TVShowOverviewController.swift */; };
		225DDCB31E13D55300B51961 /* Main.storyboard in Resources */ = {isa = PBXBuildFile; fileRef = 225DDCB11E13D55300B51961 /* Main.storyboard */; };
		225DDCB51E13D55300B51961 /* Assets.xcassets in Resources */ = {isa = PBXBuildFile; fileRef = 225DDCB41E13D55300B51961 /* Assets.xcassets */; };
		225DDCB81E13D55300B51961 /* LaunchScreen.storyboard in Resources */ = {isa = PBXBuildFile; fileRef = 225DDCB61E13D55300B51961 /* LaunchScreen.storyboard */; };
		225DDCC01E154E6F00B51961 /* MissingArtworkMovies.png in Resources */ = {isa = PBXBuildFile; fileRef = 225DDCBF1E154E6F00B51961 /* MissingArtworkMovies.png */; };
		225DDCC21E16C43B00B51961 /* MissingArtworkTV.png in Resources */ = {isa = PBXBuildFile; fileRef = 225DDCC11E16C43B00B51961 /* MissingArtworkTV.png */; };
		225DDCC41E16D73300B51961 /* TVShowDetail.swift in Sources */ = {isa = PBXBuildFile; fileRef = 225DDCC31E16D73300B51961 /* TVShowDetail.swift */; };
		2284EBCC259E644500DEBEC2 /* TVEpisodeTableViewCell.swift in Sources */ = {isa = PBXBuildFile; fileRef = 2284EBCB259E644500DEBEC2 /* TVEpisodeTableViewCell.swift */; };
		228568F12474E4C90088871C /* AmplitudeLite in Frameworks */ = {isa = PBXBuildFile; productRef = 228568F02474E4C90088871C /* AmplitudeLite */; };
		229C304A213E45C7009A469A /* MovieParser.swift in Sources */ = {isa = PBXBuildFile; fileRef = 229C3049213E45C7009A469A /* MovieParser.swift */; };
		229C304D213E47E1009A469A /* TVShow.swift in Sources */ = {isa = PBXBuildFile; fileRef = 229C304C213E47E1009A469A /* TVShow.swift */; };
		229C304F213E489C009A469A /* TVEpisode.swift in Sources */ = {isa = PBXBuildFile; fileRef = 229C304E213E489C009A469A /* TVEpisode.swift */; };
		229C3051213E49C7009A469A /* TVShowParser.swift in Sources */ = {isa = PBXBuildFile; fileRef = 229C3050213E49C7009A469A /* TVShowParser.swift */; };
		229C3053213E4FCF009A469A /* TVShowOverviewCollectionView.swift in Sources */ = {isa = PBXBuildFile; fileRef = 229C3052213E4FCF009A469A /* TVShowOverviewCollectionView.swift */; };
		229C3055213E5049009A469A /* TVShowOverviewCollectionViewCell.swift in Sources */ = {isa = PBXBuildFile; fileRef = 229C3054213E5049009A469A /* TVShowOverviewCollectionViewCell.swift */; };
		229C3057213E5890009A469A /* TVShowOverviewCollectionLayout.swift in Sources */ = {isa = PBXBuildFile; fileRef = 229C3056213E5890009A469A /* TVShowOverviewCollectionLayout.swift */; };
		229C306821478A4E009A469A /* MoviesTest.swift in Sources */ = {isa = PBXBuildFile; fileRef = 229C306621478A4D009A469A /* MoviesTest.swift */; };
		229C306921478A4E009A469A /* TVShowTests.swift in Sources */ = {isa = PBXBuildFile; fileRef = 229C306721478A4D009A469A /* TVShowTests.swift */; };
		22A1F21B2499C05B00464EA9 /* Credentials.swift in Sources */ = {isa = PBXBuildFile; fileRef = 22A1F21A2499C05B00464EA9 /* Credentials.swift */; };
		22ADD43921389F3900B58428 /* MovieOverviewCollectionViewCell.swift in Sources */ = {isa = PBXBuildFile; fileRef = 22ADD43821389F3900B58428 /* MovieOverviewCollectionViewCell.swift */; };
		22ADD43C2138A02500B58428 /* Movie.swift in Sources */ = {isa = PBXBuildFile; fileRef = 22ADD43B2138A02500B58428 /* Movie.swift */; };
		22BB125B2138B2F400FF963C /* EmptyView.swift in Sources */ = {isa = PBXBuildFile; fileRef = 22BB125A2138B2F400FF963C /* EmptyView.swift */; };
		22EFF40B214B817A00DD784F /* testMovie.mp4 in Resources */ = {isa = PBXBuildFile; fileRef = 22EFF40A214B817A00DD784F /* testMovie.mp4 */; };
		22F358851E1D0DC6008BAA70 /* MoviesDetail.swift in Sources */ = {isa = PBXBuildFile; fileRef = 22F358841E1D0DC6008BAA70 /* MoviesDetail.swift */; };
/* End PBXBuildFile section */

/* Begin PBXContainerItemProxy section */
		229C3061214789C5009A469A /* PBXContainerItemProxy */ = {
			isa = PBXContainerItemProxy;
			containerPortal = 225DDCA01E13D55300B51961 /* Project object */;
			proxyType = 1;
			remoteGlobalIDString = 225DDCA71E13D55300B51961;
			remoteInfo = "10.2 Video Fix";
		};
/* End PBXContainerItemProxy section */

/* Begin PBXFileReference section */
		222ED6FE22BDDD6C0014A6B1 /* ColorCompatibility.swift */ = {isa = PBXFileReference; lastKnownFileType = sourcecode.swift; path = ColorCompatibility.swift; sourceTree = "<group>"; };
		2236739D213A570F001FAF93 /* MovieOverviewCollectionView.swift */ = {isa = PBXFileReference; lastKnownFileType = sourcecode.swift; path = MovieOverviewCollectionView.swift; sourceTree = "<group>"; };
		2236739F213A5741001FAF93 /* MovieOverviewCollectionLayout.swift */ = {isa = PBXFileReference; lastKnownFileType = sourcecode.swift; path = MovieOverviewCollectionLayout.swift; sourceTree = "<group>"; };
		224B5459213F63A300314FB4 /* TVShowDetailTableView.swift */ = {isa = PBXFileReference; lastKnownFileType = sourcecode.swift; path = TVShowDetailTableView.swift; sourceTree = "<group>"; };
		224B545F213FB4F500314FB4 /* PlaybackController.swift */ = {isa = PBXFileReference; lastKnownFileType = sourcecode.swift; path = PlaybackController.swift; sourceTree = "<group>"; };
		225DDCA81E13D55300B51961 /* 10.2 Video Fix.app */ = {isa = PBXFileReference; explicitFileType = wrapper.application; includeInIndex = 0; path = "10.2 Video Fix.app"; sourceTree = BUILT_PRODUCTS_DIR; };
		225DDCAB1E13D55300B51961 /* AppDelegate.swift */ = {isa = PBXFileReference; lastKnownFileType = sourcecode.swift; path = AppDelegate.swift; sourceTree = "<group>"; };
		225DDCAD1E13D55300B51961 /* MovieOverviewController.swift */ = {isa = PBXFileReference; lastKnownFileType = sourcecode.swift; path = MovieOverviewController.swift; sourceTree = "<group>"; };
		225DDCAF1E13D55300B51961 /* TVShowOverviewController.swift */ = {isa = PBXFileReference; lastKnownFileType = sourcecode.swift; path = TVShowOverviewController.swift; sourceTree = "<group>"; };
		225DDCB21E13D55300B51961 /* Base */ = {isa = PBXFileReference; lastKnownFileType = file.storyboard; name = Base; path = Base.lproj/Main.storyboard; sourceTree = "<group>"; };
		225DDCB41E13D55300B51961 /* Assets.xcassets */ = {isa = PBXFileReference; lastKnownFileType = folder.assetcatalog; path = Assets.xcassets; sourceTree = "<group>"; };
		225DDCB71E13D55300B51961 /* Base */ = {isa = PBXFileReference; lastKnownFileType = file.storyboard; name = Base; path = Base.lproj/LaunchScreen.storyboard; sourceTree = "<group>"; };
		225DDCB91E13D55300B51961 /* Info.plist */ = {isa = PBXFileReference; lastKnownFileType = text.plist.xml; path = Info.plist; sourceTree = "<group>"; };
		225DDCBF1E154E6F00B51961 /* MissingArtworkMovies.png */ = {isa = PBXFileReference; lastKnownFileType = image.png; path = MissingArtworkMovies.png; sourceTree = "<group>"; };
		225DDCC11E16C43B00B51961 /* MissingArtworkTV.png */ = {isa = PBXFileReference; lastKnownFileType = image.png; path = MissingArtworkTV.png; sourceTree = "<group>"; };
		225DDCC31E16D73300B51961 /* TVShowDetail.swift */ = {isa = PBXFileReference; fileEncoding = 4; lastKnownFileType = sourcecode.swift; path = TVShowDetail.swift; sourceTree = "<group>"; };
		2284EBCB259E644500DEBEC2 /* TVEpisodeTableViewCell.swift */ = {isa = PBXFileReference; lastKnownFileType = sourcecode.swift; path = TVEpisodeTableViewCell.swift; sourceTree = "<group>"; };
		229C3049213E45C7009A469A /* MovieParser.swift */ = {isa = PBXFileReference; lastKnownFileType = sourcecode.swift; path = MovieParser.swift; sourceTree = "<group>"; };
		229C304C213E47E1009A469A /* TVShow.swift */ = {isa = PBXFileReference; lastKnownFileType = sourcecode.swift; path = TVShow.swift; sourceTree = "<group>"; };
		229C304E213E489C009A469A /* TVEpisode.swift */ = {isa = PBXFileReference; lastKnownFileType = sourcecode.swift; path = TVEpisode.swift; sourceTree = "<group>"; };
		229C3050213E49C7009A469A /* TVShowParser.swift */ = {isa = PBXFileReference; lastKnownFileType = sourcecode.swift; path = TVShowParser.swift; sourceTree = "<group>"; };
		229C3052213E4FCF009A469A /* TVShowOverviewCollectionView.swift */ = {isa = PBXFileReference; lastKnownFileType = sourcecode.swift; path = TVShowOverviewCollectionView.swift; sourceTree = "<group>"; };
		229C3054213E5049009A469A /* TVShowOverviewCollectionViewCell.swift */ = {isa = PBXFileReference; lastKnownFileType = sourcecode.swift; path = TVShowOverviewCollectionViewCell.swift; sourceTree = "<group>"; };
		229C3056213E5890009A469A /* TVShowOverviewCollectionLayout.swift */ = {isa = PBXFileReference; lastKnownFileType = sourcecode.swift; path = TVShowOverviewCollectionLayout.swift; sourceTree = "<group>"; };
		229C305C214789C5009A469A /* VideosTests.xctest */ = {isa = PBXFileReference; explicitFileType = wrapper.cfbundle; includeInIndex = 0; path = VideosTests.xctest; sourceTree = BUILT_PRODUCTS_DIR; };
		229C3060214789C5009A469A /* Info.plist */ = {isa = PBXFileReference; lastKnownFileType = text.plist.xml; path = Info.plist; sourceTree = "<group>"; };
		229C306621478A4D009A469A /* MoviesTest.swift */ = {isa = PBXFileReference; fileEncoding = 4; lastKnownFileType = sourcecode.swift; path = MoviesTest.swift; sourceTree = "<group>"; };
		229C306721478A4D009A469A /* TVShowTests.swift */ = {isa = PBXFileReference; fileEncoding = 4; lastKnownFileType = sourcecode.swift; path = TVShowTests.swift; sourceTree = "<group>"; };
		22A1F21A2499C05B00464EA9 /* Credentials.swift */ = {isa = PBXFileReference; lastKnownFileType = sourcecode.swift; path = Credentials.swift; sourceTree = "<group>"; };
		22ADD43821389F3900B58428 /* MovieOverviewCollectionViewCell.swift */ = {isa = PBXFileReference; lastKnownFileType = sourcecode.swift; path = MovieOverviewCollectionViewCell.swift; sourceTree = "<group>"; };
		22ADD43B2138A02500B58428 /* Movie.swift */ = {isa = PBXFileReference; lastKnownFileType = sourcecode.swift; path = Movie.swift; sourceTree = "<group>"; };
		22BB125A2138B2F400FF963C /* EmptyView.swift */ = {isa = PBXFileReference; lastKnownFileType = sourcecode.swift; path = EmptyView.swift; sourceTree = "<group>"; };
		22EFF40A214B817A00DD784F /* testMovie.mp4 */ = {isa = PBXFileReference; lastKnownFileType = file; path = testMovie.mp4; sourceTree = "<group>"; };
		22F358841E1D0DC6008BAA70 /* MoviesDetail.swift */ = {isa = PBXFileReference; fileEncoding = 4; lastKnownFileType = sourcecode.swift; path = MoviesDetail.swift; sourceTree = "<group>"; };
/* End PBXFileReference section */

/* Begin PBXFrameworksBuildPhase section */
		225DDCA51E13D55300B51961 /* Frameworks */ = {
			isa = PBXFrameworksBuildPhase;
			buildActionMask = 2147483647;
			files = (
				228568F12474E4C90088871C /* AmplitudeLite in Frameworks */,
			);
			runOnlyForDeploymentPostprocessing = 0;
		};
		229C3059214789C5009A469A /* Frameworks */ = {
			isa = PBXFrameworksBuildPhase;
			buildActionMask = 2147483647;
			files = (
			);
			runOnlyForDeploymentPostprocessing = 0;
		};
/* End PBXFrameworksBuildPhase section */

/* Begin PBXGroup section */
		225DDC9F1E13D55300B51961 = {
			isa = PBXGroup;
			children = (
				225DDCAA1E13D55300B51961 /* 10.2 Video Fix */,
				229C305D214789C5009A469A /* VideosTests */,
				225DDCA91E13D55300B51961 /* Products */,
			);
			sourceTree = "<group>";
		};
		225DDCA91E13D55300B51961 /* Products */ = {
			isa = PBXGroup;
			children = (
				225DDCA81E13D55300B51961 /* 10.2 Video Fix.app */,
				229C305C214789C5009A469A /* VideosTests.xctest */,
			);
			name = Products;
			sourceTree = "<group>";
		};
		225DDCAA1E13D55300B51961 /* 10.2 Video Fix */ = {
			isa = PBXGroup;
			children = (
				225DDCAB1E13D55300B51961 /* AppDelegate.swift */,
				22BB125A2138B2F400FF963C /* EmptyView.swift */,
				224B545F213FB4F500314FB4 /* PlaybackController.swift */,
				222ED6FE22BDDD6C0014A6B1 /* ColorCompatibility.swift */,
				22A1F21A2499C05B00464EA9 /* Credentials.swift */,
				22ADD43A21389FB300B58428 /* Movie */,
				229C304B213E4789009A469A /* TV Show */,
				225DDCB11E13D55300B51961 /* Main.storyboard */,
				225DDCB41E13D55300B51961 /* Assets.xcassets */,
				225DDCB61E13D55300B51961 /* LaunchScreen.storyboard */,
				225DDCB91E13D55300B51961 /* Info.plist */,
			);
			path = "10.2 Video Fix";
			sourceTree = "<group>";
		};
		229C304B213E4789009A469A /* TV Show */ = {
			isa = PBXGroup;
			children = (
				225DDCAF1E13D55300B51961 /* TVShowOverviewController.swift */,
				229C3052213E4FCF009A469A /* TVShowOverviewCollectionView.swift */,
				229C3056213E5890009A469A /* TVShowOverviewCollectionLayout.swift */,
				229C3054213E5049009A469A /* TVShowOverviewCollectionViewCell.swift */,
				225DDCC31E16D73300B51961 /* TVShowDetail.swift */,
				224B5459213F63A300314FB4 /* TVShowDetailTableView.swift */,
				2284EBCB259E644500DEBEC2 /* TVEpisodeTableViewCell.swift */,
				229C304C213E47E1009A469A /* TVShow.swift */,
				229C304E213E489C009A469A /* TVEpisode.swift */,
				229C3050213E49C7009A469A /* TVShowParser.swift */,
				225DDCC11E16C43B00B51961 /* MissingArtworkTV.png */,
			);
			path = "TV Show";
			sourceTree = "<group>";
		};
		229C305D214789C5009A469A /* VideosTests */ = {
			isa = PBXGroup;
			children = (
				229C306621478A4D009A469A /* MoviesTest.swift */,
				229C306721478A4D009A469A /* TVShowTests.swift */,
				22EFF40A214B817A00DD784F /* testMovie.mp4 */,
				229C3060214789C5009A469A /* Info.plist */,
			);
			path = VideosTests;
			sourceTree = "<group>";
		};
		22ADD43A21389FB300B58428 /* Movie */ = {
			isa = PBXGroup;
			children = (
				225DDCAD1E13D55300B51961 /* MovieOverviewController.swift */,
				2236739D213A570F001FAF93 /* MovieOverviewCollectionView.swift */,
				2236739F213A5741001FAF93 /* MovieOverviewCollectionLayout.swift */,
				22ADD43821389F3900B58428 /* MovieOverviewCollectionViewCell.swift */,
				22F358841E1D0DC6008BAA70 /* MoviesDetail.swift */,
				22ADD43B2138A02500B58428 /* Movie.swift */,
				229C3049213E45C7009A469A /* MovieParser.swift */,
				225DDCBF1E154E6F00B51961 /* MissingArtworkMovies.png */,
			);
			path = Movie;
			sourceTree = "<group>";
		};
/* End PBXGroup section */

/* Begin PBXNativeTarget section */
		225DDCA71E13D55300B51961 /* 10.2 Video Fix */ = {
			isa = PBXNativeTarget;
			buildConfigurationList = 225DDCBC1E13D55300B51961 /* Build configuration list for PBXNativeTarget "10.2 Video Fix" */;
			buildPhases = (
				225DDCA41E13D55300B51961 /* Sources */,
				225DDCA51E13D55300B51961 /* Frameworks */,
				225DDCA61E13D55300B51961 /* Resources */,
			);
			buildRules = (
			);
			dependencies = (
			);
			name = "10.2 Video Fix";
			packageProductDependencies = (
				228568F02474E4C90088871C /* AmplitudeLite */,
			);
			productName = "10.2 Video Fix";
			productReference = 225DDCA81E13D55300B51961 /* 10.2 Video Fix.app */;
			productType = "com.apple.product-type.application";
		};
		229C305B214789C5009A469A /* VideosTests */ = {
			isa = PBXNativeTarget;
			buildConfigurationList = 229C3063214789C5009A469A /* Build configuration list for PBXNativeTarget "VideosTests" */;
			buildPhases = (
				229C3058214789C5009A469A /* Sources */,
				229C3059214789C5009A469A /* Frameworks */,
				229C305A214789C5009A469A /* Resources */,
			);
			buildRules = (
			);
			dependencies = (
				229C3062214789C5009A469A /* PBXTargetDependency */,
			);
			name = VideosTests;
			productName = VideosTests;
			productReference = 229C305C214789C5009A469A /* VideosTests.xctest */;
			productType = "com.apple.product-type.bundle.unit-test";
		};
/* End PBXNativeTarget section */

/* Begin PBXProject section */
		225DDCA01E13D55300B51961 /* Project object */ = {
			isa = PBXProject;
			attributes = {
				LastSwiftUpdateCheck = 0940;
				LastUpgradeCheck = 0940;
				ORGANIZATIONNAME = "Tim Roesner";
				TargetAttributes = {
					225DDCA71E13D55300B51961 = {
						CreatedOnToolsVersion = 8.2.1;
						ProvisioningStyle = Automatic;
						SystemCapabilities = {
							com.apple.BackgroundModes = {
								enabled = 1;
							};
						};
					};
					229C305B214789C5009A469A = {
						CreatedOnToolsVersion = 9.4.1;
						DevelopmentTeam = 7BT7DC73YL;
						ProvisioningStyle = Automatic;
						TestTargetID = 225DDCA71E13D55300B51961;
					};
				};
			};
			buildConfigurationList = 225DDCA31E13D55300B51961 /* Build configuration list for PBXProject "10.2 Video Fix" */;
			compatibilityVersion = "Xcode 3.2";
			developmentRegion = en;
			hasScannedForEncodings = 0;
			knownRegions = (
				en,
				Base,
			);
			mainGroup = 225DDC9F1E13D55300B51961;
			packageReferences = (
				228568EF2474E4C90088871C /* XCRemoteSwiftPackageReference "AmplitudeLite" */,
			);
			productRefGroup = 225DDCA91E13D55300B51961 /* Products */;
			projectDirPath = "";
			projectRoot = "";
			targets = (
				225DDCA71E13D55300B51961 /* 10.2 Video Fix */,
				229C305B214789C5009A469A /* VideosTests */,
			);
		};
/* End PBXProject section */

/* Begin PBXResourcesBuildPhase section */
		225DDCA61E13D55300B51961 /* Resources */ = {
			isa = PBXResourcesBuildPhase;
			buildActionMask = 2147483647;
			files = (
				225DDCB81E13D55300B51961 /* LaunchScreen.storyboard in Resources */,
				225DDCC21E16C43B00B51961 /* MissingArtworkTV.png in Resources */,
				225DDCB51E13D55300B51961 /* Assets.xcassets in Resources */,
				225DDCC01E154E6F00B51961 /* MissingArtworkMovies.png in Resources */,
				225DDCB31E13D55300B51961 /* Main.storyboard in Resources */,
			);
			runOnlyForDeploymentPostprocessing = 0;
		};
		229C305A214789C5009A469A /* Resources */ = {
			isa = PBXResourcesBuildPhase;
			buildActionMask = 2147483647;
			files = (
				22EFF40B214B817A00DD784F /* testMovie.mp4 in Resources */,
			);
			runOnlyForDeploymentPostprocessing = 0;
		};
/* End PBXResourcesBuildPhase section */

/* Begin PBXSourcesBuildPhase section */
		225DDCA41E13D55300B51961 /* Sources */ = {
			isa = PBXSourcesBuildPhase;
			buildActionMask = 2147483647;
			files = (
				229C304F213E489C009A469A /* TVEpisode.swift in Sources */,
				22ADD43C2138A02500B58428 /* Movie.swift in Sources */,
				22ADD43921389F3900B58428 /* MovieOverviewCollectionViewCell.swift in Sources */,
				22A1F21B2499C05B00464EA9 /* Credentials.swift in Sources */,
				224B545A213F63A300314FB4 /* TVShowDetailTableView.swift in Sources */,
				229C3053213E4FCF009A469A /* TVShowOverviewCollectionView.swift in Sources */,
				229C304D213E47E1009A469A /* TVShow.swift in Sources */,
				225DDCB01E13D55300B51961 /* TVShowOverviewController.swift in Sources */,
				229C304A213E45C7009A469A /* MovieParser.swift in Sources */,
				222ED6FF22BDDD6C0014A6B1 /* ColorCompatibility.swift in Sources */,
				225DDCAC1E13D55300B51961 /* AppDelegate.swift in Sources */,
				22BB125B2138B2F400FF963C /* EmptyView.swift in Sources */,
				223673A0213A5741001FAF93 /* MovieOverviewCollectionLayout.swift in Sources */,
				2284EBCC259E644500DEBEC2 /* TVEpisodeTableViewCell.swift in Sources */,
				229C3055213E5049009A469A /* TVShowOverviewCollectionViewCell.swift in Sources */,
				229C3051213E49C7009A469A /* TVShowParser.swift in Sources */,
				225DDCAE1E13D55300B51961 /* MovieOverviewController.swift in Sources */,
				224B5460213FB4F500314FB4 /* PlaybackController.swift in Sources */,
				229C3057213E5890009A469A /* TVShowOverviewCollectionLayout.swift in Sources */,
				2236739E213A570F001FAF93 /* MovieOverviewCollectionView.swift in Sources */,
				225DDCC41E16D73300B51961 /* TVShowDetail.swift in Sources */,
				22F358851E1D0DC6008BAA70 /* MoviesDetail.swift in Sources */,
			);
			runOnlyForDeploymentPostprocessing = 0;
		};
		229C3058214789C5009A469A /* Sources */ = {
			isa = PBXSourcesBuildPhase;
			buildActionMask = 2147483647;
			files = (
				229C306821478A4E009A469A /* MoviesTest.swift in Sources */,
				229C306921478A4E009A469A /* TVShowTests.swift in Sources */,
			);
			runOnlyForDeploymentPostprocessing = 0;
		};
/* End PBXSourcesBuildPhase section */

/* Begin PBXTargetDependency section */
		229C3062214789C5009A469A /* PBXTargetDependency */ = {
			isa = PBXTargetDependency;
			target = 225DDCA71E13D55300B51961 /* 10.2 Video Fix */;
			targetProxy = 229C3061214789C5009A469A /* PBXContainerItemProxy */;
		};
/* End PBXTargetDependency section */

/* Begin PBXVariantGroup section */
		225DDCB11E13D55300B51961 /* Main.storyboard */ = {
			isa = PBXVariantGroup;
			children = (
				225DDCB21E13D55300B51961 /* Base */,
			);
			name = Main.storyboard;
			sourceTree = "<group>";
		};
		225DDCB61E13D55300B51961 /* LaunchScreen.storyboard */ = {
			isa = PBXVariantGroup;
			children = (
				225DDCB71E13D55300B51961 /* Base */,
			);
			name = LaunchScreen.storyboard;
			sourceTree = "<group>";
		};
/* End PBXVariantGroup section */

/* Begin XCBuildConfiguration section */
		225DDCBA1E13D55300B51961 /* Debug */ = {
			isa = XCBuildConfiguration;
			buildSettings = {
				ALWAYS_SEARCH_USER_PATHS = NO;
				CLANG_ANALYZER_NONNULL = YES;
				CLANG_CXX_LANGUAGE_STANDARD = "gnu++0x";
				CLANG_CXX_LIBRARY = "libc++";
				CLANG_ENABLE_MODULES = YES;
				CLANG_ENABLE_OBJC_ARC = YES;
				CLANG_WARN_BLOCK_CAPTURE_AUTORELEASING = YES;
				CLANG_WARN_BOOL_CONVERSION = YES;
				CLANG_WARN_COMMA = YES;
				CLANG_WARN_CONSTANT_CONVERSION = YES;
				CLANG_WARN_DEPRECATED_OBJC_IMPLEMENTATIONS = YES;
				CLANG_WARN_DIRECT_OBJC_ISA_USAGE = YES_ERROR;
				CLANG_WARN_DOCUMENTATION_COMMENTS = YES;
				CLANG_WARN_EMPTY_BODY = YES;
				CLANG_WARN_ENUM_CONVERSION = YES;
				CLANG_WARN_INFINITE_RECURSION = YES;
				CLANG_WARN_INT_CONVERSION = YES;
				CLANG_WARN_NON_LITERAL_NULL_CONVERSION = YES;
				CLANG_WARN_OBJC_IMPLICIT_RETAIN_SELF = YES;
				CLANG_WARN_OBJC_LITERAL_CONVERSION = YES;
				CLANG_WARN_OBJC_ROOT_CLASS = YES_ERROR;
				CLANG_WARN_RANGE_LOOP_ANALYSIS = YES;
				CLANG_WARN_STRICT_PROTOTYPES = YES;
				CLANG_WARN_SUSPICIOUS_MOVE = YES;
				CLANG_WARN_UNREACHABLE_CODE = YES;
				CLANG_WARN__DUPLICATE_METHOD_MATCH = YES;
				"CODE_SIGN_IDENTITY[sdk=iphoneos*]" = "iPhone Developer";
				COPY_PHASE_STRIP = NO;
				DEBUG_INFORMATION_FORMAT = dwarf;
				ENABLE_STRICT_OBJC_MSGSEND = YES;
				ENABLE_TESTABILITY = YES;
				GCC_C_LANGUAGE_STANDARD = gnu99;
				GCC_DYNAMIC_NO_PIC = NO;
				GCC_NO_COMMON_BLOCKS = YES;
				GCC_OPTIMIZATION_LEVEL = 0;
				GCC_PREPROCESSOR_DEFINITIONS = (
					"DEBUG=1",
					"$(inherited)",
				);
				GCC_WARN_64_TO_32_BIT_CONVERSION = YES;
				GCC_WARN_ABOUT_RETURN_TYPE = YES_ERROR;
				GCC_WARN_UNDECLARED_SELECTOR = YES;
				GCC_WARN_UNINITIALIZED_AUTOS = YES_AGGRESSIVE;
				GCC_WARN_UNUSED_FUNCTION = YES;
				GCC_WARN_UNUSED_VARIABLE = YES;
				IPHONEOS_DEPLOYMENT_TARGET = 10.2;
				MTL_ENABLE_DEBUG_INFO = YES;
				ONLY_ACTIVE_ARCH = YES;
				SDKROOT = iphoneos;
				SWIFT_ACTIVE_COMPILATION_CONDITIONS = DEBUG;
				SWIFT_OPTIMIZATION_LEVEL = "-Onone";
				TARGETED_DEVICE_FAMILY = 2;
			};
			name = Debug;
		};
		225DDCBB1E13D55300B51961 /* Release */ = {
			isa = XCBuildConfiguration;
			buildSettings = {
				ALWAYS_SEARCH_USER_PATHS = NO;
				CLANG_ANALYZER_NONNULL = YES;
				CLANG_CXX_LANGUAGE_STANDARD = "gnu++0x";
				CLANG_CXX_LIBRARY = "libc++";
				CLANG_ENABLE_MODULES = YES;
				CLANG_ENABLE_OBJC_ARC = YES;
				CLANG_WARN_BLOCK_CAPTURE_AUTORELEASING = YES;
				CLANG_WARN_BOOL_CONVERSION = YES;
				CLANG_WARN_COMMA = YES;
				CLANG_WARN_CONSTANT_CONVERSION = YES;
				CLANG_WARN_DEPRECATED_OBJC_IMPLEMENTATIONS = YES;
				CLANG_WARN_DIRECT_OBJC_ISA_USAGE = YES_ERROR;
				CLANG_WARN_DOCUMENTATION_COMMENTS = YES;
				CLANG_WARN_EMPTY_BODY = YES;
				CLANG_WARN_ENUM_CONVERSION = YES;
				CLANG_WARN_INFINITE_RECURSION = YES;
				CLANG_WARN_INT_CONVERSION = YES;
				CLANG_WARN_NON_LITERAL_NULL_CONVERSION = YES;
				CLANG_WARN_OBJC_IMPLICIT_RETAIN_SELF = YES;
				CLANG_WARN_OBJC_LITERAL_CONVERSION = YES;
				CLANG_WARN_OBJC_ROOT_CLASS = YES_ERROR;
				CLANG_WARN_RANGE_LOOP_ANALYSIS = YES;
				CLANG_WARN_STRICT_PROTOTYPES = YES;
				CLANG_WARN_SUSPICIOUS_MOVE = YES;
				CLANG_WARN_UNREACHABLE_CODE = YES;
				CLANG_WARN__DUPLICATE_METHOD_MATCH = YES;
				"CODE_SIGN_IDENTITY[sdk=iphoneos*]" = "iPhone Developer";
				COPY_PHASE_STRIP = NO;
				DEBUG_INFORMATION_FORMAT = "dwarf-with-dsym";
				ENABLE_NS_ASSERTIONS = NO;
				ENABLE_STRICT_OBJC_MSGSEND = YES;
				GCC_C_LANGUAGE_STANDARD = gnu99;
				GCC_NO_COMMON_BLOCKS = YES;
				GCC_WARN_64_TO_32_BIT_CONVERSION = YES;
				GCC_WARN_ABOUT_RETURN_TYPE = YES_ERROR;
				GCC_WARN_UNDECLARED_SELECTOR = YES;
				GCC_WARN_UNINITIALIZED_AUTOS = YES_AGGRESSIVE;
				GCC_WARN_UNUSED_FUNCTION = YES;
				GCC_WARN_UNUSED_VARIABLE = YES;
				IPHONEOS_DEPLOYMENT_TARGET = 10.2;
				MTL_ENABLE_DEBUG_INFO = NO;
				SDKROOT = iphoneos;
				SWIFT_COMPILATION_MODE = wholemodule;
				SWIFT_OPTIMIZATION_LEVEL = "-O";
				TARGETED_DEVICE_FAMILY = 2;
				VALIDATE_PRODUCT = YES;
			};
			name = Release;
		};
		225DDCBD1E13D55300B51961 /* Debug */ = {
			isa = XCBuildConfiguration;
			buildSettings = {
				ASSETCATALOG_COMPILER_APPICON_NAME = AppIcon;
				CODE_SIGN_ENTITLEMENTS = "10.2 Video Fix/10.2 Video Fix.entitlements";
				CURRENT_PROJECT_VERSION = 25;
				DEVELOPMENT_TEAM = 7BT7DC73YL;
				INFOPLIST_FILE = "10.2 Video Fix/Info.plist";
				LD_RUNPATH_SEARCH_PATHS = (
					"$(inherited)",
					"@executable_path/Frameworks",
				);
				MARKETING_VERSION = 1.4;
				PRODUCT_BUNDLE_IDENTIFIER = TR.VideosFix;
				PRODUCT_NAME = "$(TARGET_NAME)";
				SUPPORTS_MACCATALYST = NO;
				SWIFT_VERSION = 5.0;
				TARGETED_DEVICE_FAMILY = "1,2";
			};
			name = Debug;
		};
		225DDCBE1E13D55300B51961 /* Release */ = {
			isa = XCBuildConfiguration;
			buildSettings = {
				ASSETCATALOG_COMPILER_APPICON_NAME = AppIcon;
				CODE_SIGN_ENTITLEMENTS = "10.2 Video Fix/10.2 Video Fix.entitlements";
				CURRENT_PROJECT_VERSION = 25;
				DEVELOPMENT_TEAM = 7BT7DC73YL;
				INFOPLIST_FILE = "10.2 Video Fix/Info.plist";
				LD_RUNPATH_SEARCH_PATHS = (
					"$(inherited)",
					"@executable_path/Frameworks",
				);
				MARKETING_VERSION = 1.4;
				PRODUCT_BUNDLE_IDENTIFIER = TR.VideosFix;
				PRODUCT_NAME = "$(TARGET_NAME)";
				SUPPORTS_MACCATALYST = NO;
				SWIFT_VERSION = 5.0;
				TARGETED_DEVICE_FAMILY = "1,2";
			};
			name = Release;
		};
		229C3064214789C5009A469A /* Debug */ = {
			isa = XCBuildConfiguration;
			buildSettings = {
				BUNDLE_LOADER = "$(TEST_HOST)";
				CLANG_ANALYZER_NUMBER_OBJECT_CONVERSION = YES_AGGRESSIVE;
				CLANG_CXX_LANGUAGE_STANDARD = "gnu++14";
				CLANG_ENABLE_OBJC_WEAK = YES;
				CLANG_WARN_UNGUARDED_AVAILABILITY = YES_AGGRESSIVE;
				CODE_SIGN_IDENTITY = "iPhone Developer";
				CODE_SIGN_STYLE = Automatic;
				DEVELOPMENT_TEAM = 7BT7DC73YL;
				GCC_C_LANGUAGE_STANDARD = gnu11;
				INFOPLIST_FILE = VideosTests/Info.plist;
				IPHONEOS_DEPLOYMENT_TARGET = 11.4;
				LD_RUNPATH_SEARCH_PATHS = (
					"$(inherited)",
					"@executable_path/Frameworks",
					"@loader_path/Frameworks",
				);
				PRODUCT_BUNDLE_IDENTIFIER = com.TR.VideosTests;
				PRODUCT_NAME = "$(TARGET_NAME)";
				SWIFT_VERSION = 5.0;
				TARGETED_DEVICE_FAMILY = "1,2";
				TEST_HOST = "$(BUILT_PRODUCTS_DIR)/10.2 Video Fix.app/10.2 Video Fix";
			};
			name = Debug;
		};
		229C3065214789C5009A469A /* Release */ = {
			isa = XCBuildConfiguration;
			buildSettings = {
				BUNDLE_LOADER = "$(TEST_HOST)";
				CLANG_ANALYZER_NUMBER_OBJECT_CONVERSION = YES_AGGRESSIVE;
				CLANG_CXX_LANGUAGE_STANDARD = "gnu++14";
				CLANG_ENABLE_OBJC_WEAK = YES;
				CLANG_WARN_UNGUARDED_AVAILABILITY = YES_AGGRESSIVE;
				CODE_SIGN_IDENTITY = "iPhone Developer";
				CODE_SIGN_STYLE = Automatic;
				DEVELOPMENT_TEAM = 7BT7DC73YL;
				GCC_C_LANGUAGE_STANDARD = gnu11;
				INFOPLIST_FILE = VideosTests/Info.plist;
				IPHONEOS_DEPLOYMENT_TARGET = 11.4;
				LD_RUNPATH_SEARCH_PATHS = (
					"$(inherited)",
					"@executable_path/Frameworks",
					"@loader_path/Frameworks",
				);
				PRODUCT_BUNDLE_IDENTIFIER = com.TR.VideosTests;
				PRODUCT_NAME = "$(TARGET_NAME)";
				SWIFT_VERSION = 5.0;
				TARGETED_DEVICE_FAMILY = "1,2";
				TEST_HOST = "$(BUILT_PRODUCTS_DIR)/10.2 Video Fix.app/10.2 Video Fix";
			};
			name = Release;
		};
/* End XCBuildConfiguration section */

/* Begin XCConfigurationList section */
		225DDCA31E13D55300B51961 /* Build configuration list for PBXProject "10.2 Video Fix" */ = {
			isa = XCConfigurationList;
			buildConfigurations = (
				225DDCBA1E13D55300B51961 /* Debug */,
				225DDCBB1E13D55300B51961 /* Release */,
			);
			defaultConfigurationIsVisible = 0;
			defaultConfigurationName = Release;
		};
		225DDCBC1E13D55300B51961 /* Build configuration list for PBXNativeTarget "10.2 Video Fix" */ = {
			isa = XCConfigurationList;
			buildConfigurations = (
				225DDCBD1E13D55300B51961 /* Debug */,
				225DDCBE1E13D55300B51961 /* Release */,
			);
			defaultConfigurationIsVisible = 0;
			defaultConfigurationName = Release;
		};
		229C3063214789C5009A469A /* Build configuration list for PBXNativeTarget "VideosTests" */ = {
			isa = XCConfigurationList;
			buildConfigurations = (
				229C3064214789C5009A469A /* Debug */,
				229C3065214789C5009A469A /* Release */,
			);
			defaultConfigurationIsVisible = 0;
			defaultConfigurationName = Release;
		};
/* End XCConfigurationList section */

/* Begin XCRemoteSwiftPackageReference section */
		228568EF2474E4C90088871C /* XCRemoteSwiftPackageReference "AmplitudeLite" */ = {
			isa = XCRemoteSwiftPackageReference;
			repositoryURL = "https://github.com/timroesner/AmplitudeLite.git";
			requirement = {
				branch = master;
				kind = branch;
			};
		};
/* End XCRemoteSwiftPackageReference section */

/* Begin XCSwiftPackageProductDependency section */
		228568F02474E4C90088871C /* AmplitudeLite */ = {
			isa = XCSwiftPackageProductDependency;
			package = 228568EF2474E4C90088871C /* XCRemoteSwiftPackageReference "AmplitudeLite" */;
			productName = AmplitudeLite;
		};
/* End XCSwiftPackageProductDependency section */
	};
	rootObject = 225DDCA01E13D55300B51961 /* Project object */;
}
